
Microsoft Visual Studio Solution File, Format Version 12.00
# Visual Studio Version 17
VisualStudioVersion = 17.6.33801.468
MinimumVisualStudioVersion = 10.0.40219.1
Project("{9A19103F-16F7-4668-BE54-9A1E7A4F7556}") = "ShrinkLinkApp", "ShrinkLinkApp\ShrinkLinkApp.csproj", "{1811D3D9-D831-4778-8DA4-899B4A6663A5}"
	ProjectSection(ProjectDependencies) = postProject
		{33E3A3B1-E92A-47A5-A296-F4CE532E74AF} = {33E3A3B1-E92A-47A5-A296-F4CE532E74AF}
	EndProjectSection
EndProject
Project("{9A19103F-16F7-4668-BE54-9A1E7A4F7556}") = "ShrinkLinkDb", "ShrinkLinkDb\ShrinkLinkDb.csproj", "{A3CCAE1F-0A1C-496B-A057-82C04DD66DC2}"
EndProject
Project("{9A19103F-16F7-4668-BE54-9A1E7A4F7556}") = "ShrinkLinkCore", "ShrinkLinkCore\ShrinkLinkCore.csproj", "{B843CB89-0D90-4C99-80FB-1178579A725E}"
EndProject
Project("{9A19103F-16F7-4668-BE54-9A1E7A4F7556}") = "ShrinkLinkBusiness", "ShrinkLinkBusiness\ShrinkLinkBusiness.csproj", "{7F7DFD71-9B03-41B6-9685-E99DBFA9E42E}"
	ProjectSection(ProjectDependencies) = postProject
		{A3CCAE1F-0A1C-496B-A057-82C04DD66DC2} = {A3CCAE1F-0A1C-496B-A057-82C04DD66DC2}
		{B843CB89-0D90-4C99-80FB-1178579A725E} = {B843CB89-0D90-4C99-80FB-1178579A725E}
	EndProjectSection
EndProject
Project("{9A19103F-16F7-4668-BE54-9A1E7A4F7556}") = "ShrinkLinkCQS", "ShrinkLinkCQS\ShrinkLinkCQS.csproj", "{33E3A3B1-E92A-47A5-A296-F4CE532E74AF}"
	ProjectSection(ProjectDependencies) = postProject
		{A3CCAE1F-0A1C-496B-A057-82C04DD66DC2} = {A3CCAE1F-0A1C-496B-A057-82C04DD66DC2}
		{B843CB89-0D90-4C99-80FB-1178579A725E} = {B843CB89-0D90-4C99-80FB-1178579A725E}
	EndProjectSection
EndProject
Project("{E53339B2-1760-4266-BCC7-CA923CBCF16C}") = "docker-compose", "docker-compose.dcproj", "{2E37CDE7-72A0-471F-B3E1-EF50670143CD}"
EndProject
Global
	GlobalSection(SolutionConfigurationPlatforms) = preSolution
		Debug|Any CPU = Debug|Any CPU
		Release|Any CPU = Release|Any CPU
	EndGlobalSection
	GlobalSection(ProjectConfigurationPlatforms) = postSolution
		{1811D3D9-D831-4778-8DA4-899B4A6663A5}.Debug|Any CPU.ActiveCfg = Debug|Any CPU
		{1811D3D9-D831-4778-8DA4-899B4A6663A5}.Debug|Any CPU.Build.0 = Debug|Any CPU
		{1811D3D9-D831-4778-8DA4-899B4A6663A5}.Release|Any CPU.ActiveCfg = Release|Any CPU
		{1811D3D9-D831-4778-8DA4-899B4A6663A5}.Release|Any CPU.Build.0 = Release|Any CPU
		{A3CCAE1F-0A1C-496B-A057-82C04DD66DC2}.Debug|Any CPU.ActiveCfg = Debug|Any CPU
		{A3CCAE1F-0A1C-496B-A057-82C04DD66DC2}.Debug|Any CPU.Build.0 = Debug|Any CPU
		{A3CCAE1F-0A1C-496B-A057-82C04DD66DC2}.Release|Any CPU.ActiveCfg = Release|Any CPU
		{A3CCAE1F-0A1C-496B-A057-82C04DD66DC2}.Release|Any CPU.Build.0 = Release|Any CPU
		{B843CB89-0D90-4C99-80FB-1178579A725E}.Debug|Any CPU.ActiveCfg = Debug|Any CPU
		{B843CB89-0D90-4C99-80FB-1178579A725E}.Debug|Any CPU.Build.0 = Debug|Any CPU
		{B843CB89-0D90-4C99-80FB-1178579A725E}.Release|Any CPU.ActiveCfg = Release|Any CPU
		{B843CB89-0D90-4C99-80FB-1178579A725E}.Release|Any CPU.Build.0 = Release|Any CPU
		{7F7DFD71-9B03-41B6-9685-E99DBFA9E42E}.Debug|Any CPU.ActiveCfg = Debug|Any CPU
		{7F7DFD71-9B03-41B6-9685-E99DBFA9E42E}.Debug|Any CPU.Build.0 = Debug|Any CPU
		{7F7DFD71-9B03-41B6-9685-E99DBFA9E42E}.Release|Any CPU.ActiveCfg = Release|Any CPU
		{7F7DFD71-9B03-41B6-9685-E99DBFA9E42E}.Release|Any CPU.Build.0 = Release|Any CPU
		{33E3A3B1-E92A-47A5-A296-F4CE532E74AF}.Debug|Any CPU.ActiveCfg = Debug|Any CPU
		{33E3A3B1-E92A-47A5-A296-F4CE532E74AF}.Debug|Any CPU.Build.0 = Debug|Any CPU
		{33E3A3B1-E92A-47A5-A296-F4CE532E74AF}.Release|Any CPU.ActiveCfg = Release|Any CPU
		{33E3A3B1-E92A-47A5-A296-F4CE532E74AF}.Release|Any CPU.Build.0 = Release|Any CPU
		{2E37CDE7-72A0-471F-B3E1-EF50670143CD}.Debug|Any CPU.ActiveCfg = Debug|Any CPU
		{2E37CDE7-72A0-471F-B3E1-EF50670143CD}.Debug|Any CPU.Build.0 = Debug|Any CPU
		{2E37CDE7-72A0-471F-B3E1-EF50670143CD}.Release|Any CPU.ActiveCfg = Release|Any CPU
		{2E37CDE7-72A0-471F-B3E1-EF50670143CD}.Release|Any CPU.Build.0 = Release|Any CPU
	EndGlobalSection
	GlobalSection(SolutionProperties) = preSolution
		HideSolutionNode = FALSE
	EndGlobalSection
	GlobalSection(ExtensibilityGlobals) = postSolution
		SolutionGuid = {F808C9E1-7116-465E-A2EF-EF4FE41ED0FC}
	EndGlobalSection
EndGlobal
